
Microsoft Visual Studio Solution File, Format Version 12.00
# Visual Studio Version 16
VisualStudioVersion = 16.0.32901.82
MinimumVisualStudioVersion = 10.0.40219.1
Project("{FAE04EC0-301F-11D3-BF4B-00C04F79EFBC}") = "Demo.XmlSign.CLI", "Demo.XmlSign.CLI\Demo.XmlSign.CLI.csproj", "{0586B37F-3F47-4C15-B166-10FE16E7C0FE}"
EndProject
Project("{2150E333-8FDC-42A3-9474-1A3956D46DE8}") = "Files", "Files", "{4BFD9CFB-A5DE-487B-8CAA-F9902FC0F8AE}"
EndProject
Project("{2150E333-8FDC-42A3-9474-1A3956D46DE8}") = "Certificates", "Certificates", "{270B8034-D8A9-498F-82BD-48DB2D7CCB52}"
	ProjectSection(SolutionItems) = preProject
		Files\Certificates\DEMO_XML_SIGN.pfx = Files\Certificates\DEMO_XML_SIGN.pfx
		Files\Certificates\readme.txt = Files\Certificates\readme.txt
	EndProjectSection
EndProject
Project("{2150E333-8FDC-42A3-9474-1A3956D46DE8}") = "Input", "Input", "{3AB1BC03-AC14-460E-B328-4EACD82F31CB}"
	ProjectSection(SolutionItems) = preProject
		Files\Input\customers.xml = Files\Input\customers.xml
		Files\Input\samltoken_referencename_assertionid.xml = Files\Input\samltoken_referencename_assertionid.xml
		Files\Input\samltoken_referencename_id.xml = Files\Input\samltoken_referencename_id.xml
	EndProjectSection
EndProject
Project("{FAE04EC0-301F-11D3-BF4B-00C04F79EFBC}") = "Demo.XmlSign.Lib", "Demo.XmlSign.Lib\Demo.XmlSign.Lib.csproj", "{F74340AA-DCDC-4DEC-B7B5-74AC881D3149}"
EndProject
Global
	GlobalSection(SolutionConfigurationPlatforms) = preSolution
		Debug|Any CPU = Debug|Any CPU
		Release|Any CPU = Release|Any CPU
	EndGlobalSection
	GlobalSection(ProjectConfigurationPlatforms) = postSolution
		{0586B37F-3F47-4C15-B166-10FE16E7C0FE}.Debug|Any CPU.ActiveCfg = Debug|Any CPU
		{0586B37F-3F47-4C15-B166-10FE16E7C0FE}.Debug|Any CPU.Build.0 = Debug|Any CPU
		{0586B37F-3F47-4C15-B166-10FE16E7C0FE}.Release|Any CPU.ActiveCfg = Release|Any CPU
		{0586B37F-3F47-4C15-B166-10FE16E7C0FE}.Release|Any CPU.Build.0 = Release|Any CPU
		{F74340AA-DCDC-4DEC-B7B5-74AC881D3149}.Debug|Any CPU.ActiveCfg = Debug|Any CPU
		{F74340AA-DCDC-4DEC-B7B5-74AC881D3149}.Debug|Any CPU.Build.0 = Debug|Any CPU
		{F74340AA-DCDC-4DEC-B7B5-74AC881D3149}.Release|Any CPU.ActiveCfg = Release|Any CPU
		{F74340AA-DCDC-4DEC-B7B5-74AC881D3149}.Release|Any CPU.Build.0 = Release|Any CPU
	EndGlobalSection
	GlobalSection(SolutionProperties) = preSolution
		HideSolutionNode = FALSE
	EndGlobalSection
	GlobalSection(NestedProjects) = preSolution
		{270B8034-D8A9-498F-82BD-48DB2D7CCB52} = {4BFD9CFB-A5DE-487B-8CAA-F9902FC0F8AE}
		{3AB1BC03-AC14-460E-B328-4EACD82F31CB} = {4BFD9CFB-A5DE-487B-8CAA-F9902FC0F8AE}
	EndGlobalSection
	GlobalSection(ExtensibilityGlobals) = postSolution
		SolutionGuid = {7096DF8C-1F99-4E7D-9AAD-901FF3C73A74}
	EndGlobalSection
EndGlobal
